// !$*UTF8*$!
{
	archiveVersion = 1;
	classes = {
	};
	objectVersion = 46;
	objects = {

/* Begin PBXBuildFile section */
		A8E6445A1AA947A400DF1845 /* AppDelegate.swift in Sources */ = {isa = PBXBuildFile; fileRef = A8E644591AA947A400DF1845 /* AppDelegate.swift */; };
		A8E6445D1AA947A400DF1845 /* Pitch_Perfect.xcdatamodeld in Sources */ = {isa = PBXBuildFile; fileRef = A8E6445B1AA947A400DF1845 /* Pitch_Perfect.xcdatamodeld */; };
		A8E6445F1AA947A400DF1845 /* RecordSoundsViewController.swift in Sources */ = {isa = PBXBuildFile; fileRef = A8E6445E1AA947A400DF1845 /* RecordSoundsViewController.swift */; };
		A8E644621AA947A400DF1845 /* Main.storyboard in Resources */ = {isa = PBXBuildFile; fileRef = A8E644601AA947A400DF1845 /* Main.storyboard */; };
		A8E644641AA947A400DF1845 /* Images.xcassets in Resources */ = {isa = PBXBuildFile; fileRef = A8E644631AA947A400DF1845 /* Images.xcassets */; };
		A8E644671AA947A400DF1845 /* LaunchScreen.xib in Resources */ = {isa = PBXBuildFile; fileRef = A8E644651AA947A400DF1845 /* LaunchScreen.xib */; };
		A8E6447D1AA94B8800DF1845 /* AudioManager.swift in Sources */ = {isa = PBXBuildFile; fileRef = A8E6447C1AA94B8800DF1845 /* AudioManager.swift */; };
		A8E6447F1AA9513700DF1845 /* PlaySoundsViewController.swift in Sources */ = {isa = PBXBuildFile; fileRef = A8E6447E1AA9513700DF1845 /* PlaySoundsViewController.swift */; };
/* End PBXBuildFile section */

/* Begin PBXFileReference section */
		A8E644541AA947A400DF1845 /* Pitch Perfect.app */ = {isa = PBXFileReference; explicitFileType = wrapper.application; includeInIndex = 0; path = "Pitch Perfect.app"; sourceTree = BUILT_PRODUCTS_DIR; };
		A8E644581AA947A400DF1845 /* Info.plist */ = {isa = PBXFileReference; lastKnownFileType = text.plist.xml; path = Info.plist; sourceTree = "<group>"; };
		A8E644591AA947A400DF1845 /* AppDelegate.swift */ = {isa = PBXFileReference; lastKnownFileType = sourcecode.swift; path = AppDelegate.swift; sourceTree = "<group>"; };
		A8E6445C1AA947A400DF1845 /* Pitch_Perfect.xcdatamodel */ = {isa = PBXFileReference; lastKnownFileType = wrapper.xcdatamodel; path = Pitch_Perfect.xcdatamodel; sourceTree = "<group>"; };
		A8E6445E1AA947A400DF1845 /* RecordSoundsViewController.swift */ = {isa = PBXFileReference; lastKnownFileType = sourcecode.swift; path = RecordSoundsViewController.swift; sourceTree = "<group>"; };
		A8E644611AA947A400DF1845 /* Base */ = {isa = PBXFileReference; lastKnownFileType = file.storyboard; name = Base; path = Base.lproj/Main.storyboard; sourceTree = "<group>"; };
		A8E644631AA947A400DF1845 /* Images.xcassets */ = {isa = PBXFileReference; lastKnownFileType = folder.assetcatalog; path = Images.xcassets; sourceTree = "<group>"; };
		A8E644661AA947A400DF1845 /* Base */ = {isa = PBXFileReference; lastKnownFileType = file.xib; name = Base; path = Base.lproj/LaunchScreen.xib; sourceTree = "<group>"; };
		A8E644711AA947A400DF1845 /* Info.plist */ = {isa = PBXFileReference; lastKnownFileType = text.plist.xml; path = Info.plist; sourceTree = "<group>"; };
		A8E644721AA947A400DF1845 /* Pitch_PerfectTests.swift */ = {isa = PBXFileReference; lastKnownFileType = sourcecode.swift; path = Pitch_PerfectTests.swift; sourceTree = "<group>"; };
		A8E6447C1AA94B8800DF1845 /* AudioManager.swift */ = {isa = PBXFileReference; fileEncoding = 4; lastKnownFileType = sourcecode.swift; path = AudioManager.swift; sourceTree = "<group>"; };
		A8E6447E1AA9513700DF1845 /* PlaySoundsViewController.swift */ = {isa = PBXFileReference; fileEncoding = 4; lastKnownFileType = sourcecode.swift; path = PlaySoundsViewController.swift; sourceTree = "<group>"; };
/* End PBXFileReference section */

/* Begin PBXFrameworksBuildPhase section */
		A8E644511AA947A400DF1845 /* Frameworks */ = {
			isa = PBXFrameworksBuildPhase;
			buildActionMask = 2147483647;
			files = (
			);
			runOnlyForDeploymentPostprocessing = 0;
		};
/* End PBXFrameworksBuildPhase section */

/* Begin PBXGroup section */
		A8E6444B1AA947A400DF1845 = {
			isa = PBXGroup;
			children = (
				A8E644561AA947A400DF1845 /* Pitch Perfect */,
				A8E6446F1AA947A400DF1845 /* Pitch PerfectTests */,
				A8E644551AA947A400DF1845 /* Products */,
			);
			sourceTree = "<group>";
		};
		A8E644551AA947A400DF1845 /* Products */ = {
			isa = PBXGroup;
			children = (
				A8E644541AA947A400DF1845 /* Pitch Perfect.app */,
			);
			name = Products;
			sourceTree = "<group>";
		};
		A8E644561AA947A400DF1845 /* Pitch Perfect */ = {
			isa = PBXGroup;
			children = (
				A8E6445E1AA947A400DF1845 /* RecordSoundsViewController.swift */,
				A8E6447C1AA94B8800DF1845 /* AudioManager.swift */,
				A8E644601AA947A400DF1845 /* Main.storyboard */,
				A8E6447E1AA9513700DF1845 /* PlaySoundsViewController.swift */,
				A8E644631AA947A400DF1845 /* Images.xcassets */,
				A8E644571AA947A400DF1845 /* Supporting Files */,
			);
			path = "Pitch Perfect";
			sourceTree = "<group>";
		};
		A8E644571AA947A400DF1845 /* Supporting Files */ = {
			isa = PBXGroup;
			children = (
				A8E644651AA947A400DF1845 /* LaunchScreen.xib */,
				A8E6445B1AA947A400DF1845 /* Pitch_Perfect.xcdatamodeld */,
				A8E644591AA947A400DF1845 /* AppDelegate.swift */,
				A8E644581AA947A400DF1845 /* Info.plist */,
			);
			name = "Supporting Files";
			sourceTree = "<group>";
		};
		A8E6446F1AA947A400DF1845 /* Pitch PerfectTests */ = {
			isa = PBXGroup;
			children = (
				A8E644721AA947A400DF1845 /* Pitch_PerfectTests.swift */,
				A8E644701AA947A400DF1845 /* Supporting Files */,
			);
			path = "Pitch PerfectTests";
			sourceTree = "<group>";
		};
		A8E644701AA947A400DF1845 /* Supporting Files */ = {
			isa = PBXGroup;
			children = (
				A8E644711AA947A400DF1845 /* Info.plist */,
			);
			name = "Supporting Files";
			sourceTree = "<group>";
		};
/* End PBXGroup section */

/* Begin PBXNativeTarget section */
		A8E644531AA947A400DF1845 /* Pitch Perfect */ = {
			isa = PBXNativeTarget;
			buildConfigurationList = A8E644761AA947A400DF1845 /* Build configuration list for PBXNativeTarget "Pitch Perfect" */;
			buildPhases = (
				A8E644501AA947A400DF1845 /* Sources */,
				A8E644511AA947A400DF1845 /* Frameworks */,
				A8E644521AA947A400DF1845 /* Resources */,
			);
			buildRules = (
			);
			dependencies = (
			);
			name = "Pitch Perfect";
			productName = "Pitch Perfect";
			productReference = A8E644541AA947A400DF1845 /* Pitch Perfect.app */;
			productType = "com.apple.product-type.application";
		};
/* End PBXNativeTarget section */

/* Begin PBXProject section */
		A8E6444C1AA947A400DF1845 /* Project object */ = {
			isa = PBXProject;
			attributes = {
				LastSwiftMigration = 0700;
				LastSwiftUpdateCheck = 0700;
				LastUpgradeCheck = 0910;
				ORGANIZATIONNAME = "Mayank Kumar";
				TargetAttributes = {
					A8E644531AA947A400DF1845 = {
						CreatedOnToolsVersion = 6.1.1;
						LastSwiftMigration = 0910;
					};
				};
			};
			buildConfigurationList = A8E6444F1AA947A400DF1845 /* Build configuration list for PBXProject "Pitch Perfect" */;
			compatibilityVersion = "Xcode 3.2";
			developmentRegion = English;
			hasScannedForEncodings = 0;
			knownRegions = (
				en,
				Base,
			);
			mainGroup = A8E6444B1AA947A400DF1845;
			productRefGroup = A8E644551AA947A400DF1845 /* Products */;
			projectDirPath = "";
			projectRoot = "";
			targets = (
				A8E644531AA947A400DF1845 /* Pitch Perfect */,
			);
		};
/* End PBXProject section */

/* Begin PBXResourcesBuildPhase section */
		A8E644521AA947A400DF1845 /* Resources */ = {
			isa = PBXResourcesBuildPhase;
			buildActionMask = 2147483647;
			files = (
				A8E644621AA947A400DF1845 /* Main.storyboard in Resources */,
				A8E644671AA947A400DF1845 /* LaunchScreen.xib in Resources */,
				A8E644641AA947A400DF1845 /* Images.xcassets in Resources */,
			);
			runOnlyForDeploymentPostprocessing = 0;
		};
/* End PBXResourcesBuildPhase section */

/* Begin PBXSourcesBuildPhase section */
		A8E644501AA947A400DF1845 /* Sources */ = {
			isa = PBXSourcesBuildPhase;
			buildActionMask = 2147483647;
			files = (
				A8E6445F1AA947A400DF1845 /* RecordSoundsViewController.swift in Sources */,
				A8E6445D1AA947A400DF1845 /* Pitch_Perfect.xcdatamodeld in Sources */,
				A8E6447D1AA94B8800DF1845 /* AudioManager.swift in Sources */,
				A8E6447F1AA9513700DF1845 /* PlaySoundsViewController.swift in Sources */,
				A8E6445A1AA947A400DF1845 /* AppDelegate.swift in Sources */,
			);
			runOnlyForDeploymentPostprocessing = 0;
		};
/* End PBXSourcesBuildPhase section */

/* Begin PBXVariantGroup section */
		A8E644601AA947A400DF1845 /* Main.storyboard */ = {
			isa = PBXVariantGroup;
			children = (
				A8E644611AA947A400DF1845 /* Base */,
			);
			name = Main.storyboard;
			sourceTree = "<group>";
		};
		A8E644651AA947A400DF1845 /* LaunchScreen.xib */ = {
			isa = PBXVariantGroup;
			children = (
				A8E644661AA947A400DF1845 /* Base */,
			);
			name = LaunchScreen.xib;
			sourceTree = "<group>";
		};
/* End PBXVariantGroup section */

/* Begin XCBuildConfiguration section */
		A8E644741AA947A400DF1845 /* Debug */ = {
			isa = XCBuildConfiguration;
			buildSettings = {
				ALWAYS_SEARCH_USER_PATHS = NO;
				CLANG_CXX_LANGUAGE_STANDARD = "gnu++0x";
				CLANG_CXX_LIBRARY = "libc++";
				CLANG_ENABLE_MODULES = YES;
				CLANG_ENABLE_OBJC_ARC = YES;
				CLANG_WARN_BLOCK_CAPTURE_AUTORELEASING = YES;
				CLANG_WARN_BOOL_CONVERSION = YES;
				CLANG_WARN_COMMA = YES;
				CLANG_WARN_CONSTANT_CONVERSION = YES;
				CLANG_WARN_DIRECT_OBJC_ISA_USAGE = YES_ERROR;
				CLANG_WARN_EMPTY_BODY = YES;
				CLANG_WARN_ENUM_CONVERSION = YES;
				CLANG_WARN_INFINITE_RECURSION = YES;
				CLANG_WARN_INT_CONVERSION = YES;
				CLANG_WARN_NON_LITERAL_NULL_CONVERSION = YES;
				CLANG_WARN_OBJC_LITERAL_CONVERSION = YES;
				CLANG_WARN_OBJC_ROOT_CLASS = YES_ERROR;
				CLANG_WARN_RANGE_LOOP_ANALYSIS = YES;
				CLANG_WARN_STRICT_PROTOTYPES = YES;
				CLANG_WARN_SUSPICIOUS_MOVE = YES;
				CLANG_WARN_UNREACHABLE_CODE = YES;
				CLANG_WARN__DUPLICATE_METHOD_MATCH = YES;
				"CODE_SIGN_IDENTITY[sdk=iphoneos*]" = "iPhone Developer";
				COPY_PHASE_STRIP = NO;
				ENABLE_STRICT_OBJC_MSGSEND = YES;
				ENABLE_TESTABILITY = YES;
				GCC_C_LANGUAGE_STANDARD = gnu99;
				GCC_DYNAMIC_NO_PIC = NO;
				GCC_NO_COMMON_BLOCKS = YES;
				GCC_OPTIMIZATION_LEVEL = 0;
				GCC_PREPROCESSOR_DEFINITIONS = (
					"DEBUG=1",
					"$(inherited)",
				);
				GCC_SYMBOLS_PRIVATE_EXTERN = NO;
				GCC_WARN_64_TO_32_BIT_CONVERSION = YES;
				GCC_WARN_ABOUT_RETURN_TYPE = YES_ERROR;
				GCC_WARN_UNDECLARED_SELECTOR = YES;
				GCC_WARN_UNINITIALIZED_AUTOS = YES_AGGRESSIVE;
				GCC_WARN_UNUSED_FUNCTION = YES;
				GCC_WARN_UNUSED_VARIABLE = YES;
				IPHONEOS_DEPLOYMENT_TARGET = 8.1;
				MTL_ENABLE_DEBUG_INFO = YES;
				ONLY_ACTIVE_ARCH = YES;
				SDKROOT = iphoneos;
				SWIFT_OPTIMIZATION_LEVEL = "-Onone";
				TARGETED_DEVICE_FAMILY = "1,2";
			};
			name = Debug;
		};
		A8E644751AA947A400DF1845 /* Release */ = {
			isa = XCBuildConfiguration;
			buildSettings = {
				ALWAYS_SEARCH_USER_PATHS = NO;
				CLANG_CXX_LANGUAGE_STANDARD = "gnu++0x";
				CLANG_CXX_LIBRARY = "libc++";
				CLANG_ENABLE_MODULES = YES;
				CLANG_ENABLE_OBJC_ARC = YES;
				CLANG_WARN_BLOCK_CAPTURE_AUTORELEASING = YES;
				CLANG_WARN_BOOL_CONVERSION = YES;
				CLANG_WARN_COMMA = YES;
				CLANG_WARN_CONSTANT_CONVERSION = YES;
				CLANG_WARN_DIRECT_OBJC_ISA_USAGE = YES_ERROR;
				CLANG_WARN_EMPTY_BODY = YES;
				CLANG_WARN_ENUM_CONVERSION = YES;
				CLANG_WARN_INFINITE_RECURSION = YES;
				CLANG_WARN_INT_CONVERSION = YES;
				CLANG_WARN_NON_LITERAL_NULL_CONVERSION = YES;
				CLANG_WARN_OBJC_LITERAL_CONVERSION = YES;
				CLANG_WARN_OBJC_ROOT_CLASS = YES_ERROR;
				CLANG_WARN_RANGE_LOOP_ANALYSIS = YES;
				CLANG_WARN_STRICT_PROTOTYPES = YES;
				CLANG_WARN_SUSPICIOUS_MOVE = YES;
				CLANG_WARN_UNREACHABLE_CODE = YES;
				CLANG_WARN__DUPLICATE_METHOD_MATCH = YES;
				"CODE_SIGN_IDENTITY[sdk=iphoneos*]" = "iPhone Developer";
				COPY_PHASE_STRIP = YES;
				ENABLE_NS_ASSERTIONS = NO;
				ENABLE_STRICT_OBJC_MSGSEND = YES;
				GCC_C_LANGUAGE_STANDARD = gnu99;
				GCC_NO_COMMON_BLOCKS = YES;
				GCC_WARN_64_TO_32_BIT_CONVERSION = YES;
				GCC_WARN_ABOUT_RETURN_TYPE = YES_ERROR;
				GCC_WARN_UNDECLARED_SELECTOR = YES;
				GCC_WARN_UNINITIALIZED_AUTOS = YES_AGGRESSIVE;
				GCC_WARN_UNUSED_FUNCTION = YES;
				GCC_WARN_UNUSED_VARIABLE = YES;
				IPHONEOS_DEPLOYMENT_TARGET = 8.1;
				MTL_ENABLE_DEBUG_INFO = NO;
				SDKROOT = iphoneos;
				SWIFT_OPTIMIZATION_LEVEL = "-Owholemodule";
				TARGETED_DEVICE_FAMILY = "1,2";
				VALIDATE_PRODUCT = YES;
			};
			name = Release;
		};
		A8E644771AA947A400DF1845 /* Debug */ = {
			isa = XCBuildConfiguration;
			buildSettings = {
				ASSETCATALOG_COMPILER_APPICON_NAME = AppIcon;
				INFOPLIST_FILE = "Pitch Perfect/Info.plist";
				LD_RUNPATH_SEARCH_PATHS = "$(inherited) @executable_path/Frameworks";
				PRODUCT_BUNDLE_IDENTIFIER = "com.mayank.$(PRODUCT_NAME:rfc1034identifier)";
				PRODUCT_NAME = "$(TARGET_NAME)";
				SWIFT_SWIFT3_OBJC_INFERENCE = Default;
				SWIFT_VERSION = 4.0;
			};
			name = Debug;
		};
		A8E644781AA947A400DF1845 /* Release */ = {
			isa = XCBuildConfiguration;
			buildSettings = {
				ASSETCATALOG_COMPILER_APPICON_NAME = AppIcon;
				INFOPLIST_FILE = "Pitch Perfect/Info.plist";
				LD_RUNPATH_SEARCH_PATHS = "$(inherited) @executable_path/Frameworks";
				PRODUCT_BUNDLE_IDENTIFIER = "com.mayank.$(PRODUCT_NAME:rfc1034identifier)";
				PRODUCT_NAME = "$(TARGET_NAME)";
				SWIFT_SWIFT3_OBJC_INFERENCE = Default;
				SWIFT_VERSION = 4.0;
			};
			name = Release;
		};
/* End XCBuildConfiguration section */

/* Begin XCConfigurationList section */
		A8E6444F1AA947A400DF1845 /* Build configuration list for PBXProject "Pitch Perfect" */ = {
			isa = XCConfigurationList;
			buildConfigurations = (
				A8E644741AA947A400DF1845 /* Debug */,
				A8E644751AA947A400DF1845 /* Release */,
			);
			defaultConfigurationIsVisible = 0;
			defaultConfigurationName = Release;
		};
		A8E644761AA947A400DF1845 /* Build configuration list for PBXNativeTarget "Pitch Perfect" */ = {
			isa = XCConfigurationList;
			buildConfigurations = (
				A8E644771AA947A400DF1845 /* Debug */,
				A8E644781AA947A400DF1845 /* Release */,
			);
			defaultConfigurationIsVisible = 0;
			defaultConfigurationName = Release;
		};
/* End XCConfigurationList section */

/* Begin XCVersionGroup section */
		A8E6445B1AA947A400DF1845 /* Pitch_Perfect.xcdatamodeld */ = {
			isa = XCVersionGroup;
			children = (
				A8E6445C1AA947A400DF1845 /* Pitch_Perfect.xcdatamodel */,
			);
			currentVersion = A8E6445C1AA947A400DF1845 /* Pitch_Perfect.xcdatamodel */;
			path = Pitch_Perfect.xcdatamodeld;
			sourceTree = "<group>";
			versionGroupType = wrapper.xcdatamodel;
		};
/* End XCVersionGroup section */
	};
	rootObject = A8E6444C1AA947A400DF1845 /* Project object */;
}
